
Microsoft Visual Studio Solution File, Format Version 12.00
# Visual Studio Version 16
VisualStudioVersion = 16.0.32126.315
MinimumVisualStudioVersion = 10.0.40219.1
Project("{FAE04EC0-301F-11D3-BF4B-00C04F79EFBC}") = "WpfApp11", "WpfApp11\WpfApp11.csproj", "{1DED0E76-43F7-41E8-87AB-D7330499CBCE}"
EndProject
Project("{FAE04EC0-301F-11D3-BF4B-00C04F79EFBC}") = "WpfApp11_2", "WpfApp11_2\WpfApp11_2.csproj", "{DC6F9BA9-16E8-43ED-A68A-8EE420366C4C}"
EndProject
Global
	GlobalSection(SolutionConfigurationPlatforms) = preSolution
		Debug|Any CPU = Debug|Any CPU
		Release|Any CPU = Release|Any CPU
	EndGlobalSection
	GlobalSection(ProjectConfigurationPlatforms) = postSolution
		{1DED0E76-43F7-41E8-87AB-D7330499CBCE}.Debug|Any CPU.ActiveCfg = Debug|Any CPU
		{1DED0E76-43F7-41E8-87AB-D7330499CBCE}.Debug|Any CPU.Build.0 = Debug|Any CPU
		{1DED0E76-43F7-41E8-87AB-D7330499CBCE}.Release|Any CPU.ActiveCfg = Release|Any CPU
		{1DED0E76-43F7-41E8-87AB-D7330499CBCE}.Release|Any CPU.Build.0 = Release|Any CPU
		{DC6F9BA9-16E8-43ED-A68A-8EE420366C4C}.Debug|Any CPU.ActiveCfg = Debug|Any CPU
		{DC6F9BA9-16E8-43ED-A68A-8EE420366C4C}.Debug|Any CPU.Build.0 = Debug|Any CPU
		{DC6F9BA9-16E8-43ED-A68A-8EE420366C4C}.Release|Any CPU.ActiveCfg = Release|Any CPU
		{DC6F9BA9-16E8-43ED-A68A-8EE420366C4C}.Release|Any CPU.Build.0 = Release|Any CPU
	EndGlobalSection
	GlobalSection(SolutionProperties) = preSolution
		HideSolutionNode = FALSE
	EndGlobalSection
	GlobalSection(ExtensibilityGlobals) = postSolution
		SolutionGuid = {7F360017-23AF-4067-B7BB-886FE18C9E84}
	EndGlobalSection
EndGlobal
